# THIS IS AN AUTOGENERATED FILE. DO NOT EDIT THIS FILE DIRECTLY.
# yarn lockfile v1


world-countries@^4.0.0:
  version "4.0.0"
  resolved "https://registry.yarnpkg.com/world-countries/-/world-countries-4.0.0.tgz#a14757e2240d8c16249e3c6e6cdcd61d119a042d"
  integrity sha512-LsFFYmggquj0U+i7VUaJOZYz5F4QNu+oceGw8odnyVHMT2LxYSdVncqdouOEnq1esr7yCakp9+3BZTztuSw1Pg==
