# THIS IS AN AUTOGENERATED FILE. DO NOT EDIT THIS FILE DIRECTLY.
# yarn lockfile v1


world-countries@^3.0.0:
  version "3.0.0"
  resolved "https://registry.yarnpkg.com/world-countries/-/world-countries-3.0.0.tgz#b312e4b2dc87b7f6dad449bca6f0ce4ae54d68e8"
  integrity sha512-A8OWDWzdua61Loa3GpYg3pzDVxP7lKjmBTRwvNMxtlVt9iCln4mI74l9LYKOMv/lL1p0r/jvYOdu0JyB2OHlDQ==
